
Microsoft Visual Studio Solution File, Format Version 12.00
# Visual Studio Version 16
VisualStudioVersion = 16.0.32126.315
MinimumVisualStudioVersion = 10.0.40219.1
Project("{FAE04EC0-301F-11D3-BF4B-00C04F79EFBC}") = "Json_to_CSV", "Json_to_CSV.csproj", "{45DB06C3-E1A6-4D1D-9F07-3AF7F1EEB316}"
EndProject
Global
	GlobalSection(SolutionConfigurationPlatforms) = preSolution
		Debug|Any CPU = Debug|Any CPU
		Release|Any CPU = Release|Any CPU
	EndGlobalSection
	GlobalSection(ProjectConfigurationPlatforms) = postSolution
		{45DB06C3-E1A6-4D1D-9F07-3AF7F1EEB316}.Debug|Any CPU.ActiveCfg = Debug|Any CPU
		{45DB06C3-E1A6-4D1D-9F07-3AF7F1EEB316}.Debug|Any CPU.Build.0 = Debug|Any CPU
		{45DB06C3-E1A6-4D1D-9F07-3AF7F1EEB316}.Release|Any CPU.ActiveCfg = Release|Any CPU
		{45DB06C3-E1A6-4D1D-9F07-3AF7F1EEB316}.Release|Any CPU.Build.0 = Release|Any CPU
	EndGlobalSection
	GlobalSection(SolutionProperties) = preSolution
		HideSolutionNode = FALSE
	EndGlobalSection
	GlobalSection(ExtensibilityGlobals) = postSolution
		SolutionGuid = {2A2D57AB-C56E-43D7-B2FE-FBC886BD7B8F}
	EndGlobalSection
EndGlobal
